// !$*UTF8*$!
{
	archiveVersion = 1;
	classes = {
	};
	objectVersion = 56;
	objects = {

/* Begin PBXBuildFile section */
		NE000101 /* NestEggApp.swift in Sources */ = {isa = PBXBuildFile; fileRef = NE000001 /* NestEggApp.swift */; };
		NE000102 /* Owner.swift in Sources */ = {isa = PBXBuildFile; fileRef = NE000002 /* Owner.swift */; };
		NE000103 /* MonthKey.swift in Sources */ = {isa = PBXBuildFile; fileRef = NE000003 /* MonthKey.swift */; };
		NE000104 /* Category.swift in Sources */ = {isa = PBXBuildFile; fileRef = NE000004 /* Category.swift */; };
		NE000105 /* Asset.swift in Sources */ = {isa = PBXBuildFile; fileRef = NE000005 /* Asset.swift */; };
		NE000106 /* Valuation.swift in Sources */ = {isa = PBXBuildFile; fileRef = NE000006 /* Valuation.swift */; };
		NE000107 /* SeedData.swift in Sources */ = {isa = PBXBuildFile; fileRef = NE000007 /* SeedData.swift */; };
		NE000108 /* Date+Month.swift in Sources */ = {isa = PBXBuildFile; fileRef = NE000008 /* Date+Month.swift */; };
		NE000109 /* Decimal+Math.swift in Sources */ = {isa = PBXBuildFile; fileRef = NE000009 /* Decimal+Math.swift */; };
		NE000110 /* Color+Category.swift in Sources */ = {isa = PBXBuildFile; fileRef = NE000010 /* Color+Category.swift */; };
		NE000111 /* Money.swift in Sources */ = {isa = PBXBuildFile; fileRef = NE000011 /* Money.swift */; };
		NE000112 /* ReturnsCalculator.swift in Sources */ = {isa = PBXBuildFile; fileRef = NE000012 /* ReturnsCalculator.swift */; };
		NE000113 /* MonthSeries.swift in Sources */ = {isa = PBXBuildFile; fileRef = NE000013 /* MonthSeries.swift */; };
		NE000114 /* NetWorthAggregator.swift in Sources */ = {isa = PBXBuildFile; fileRef = NE000014 /* NetWorthAggregator.swift */; };
		NE000115 /* PersistenceController.swift in Sources */ = {isa = PBXBuildFile; fileRef = NE000015 /* PersistenceController.swift */; };
		NE000116 /* SeedService.swift in Sources */ = {isa = PBXBuildFile; fileRef = NE000016 /* SeedService.swift */; };
		NE000117 /* BiometricGate.swift in Sources */ = {isa = PBXBuildFile; fileRef = NE000017 /* BiometricGate.swift */; };
		NE000118 /* ExportService.swift in Sources */ = {isa = PBXBuildFile; fileRef = NE000018 /* ExportService.swift */; };
		NE000119 /* DashboardViewModel.swift in Sources */ = {isa = PBXBuildFile; fileRef = NE000019 /* DashboardViewModel.swift */; };
		NE000120 /* AssetDetailViewModel.swift in Sources */ = {isa = PBXBuildFile; fileRef = NE000020 /* AssetDetailViewModel.swift */; };
		NE000121 /* RootView.swift in Sources */ = {isa = PBXBuildFile; fileRef = NE000021 /* RootView.swift */; };
		NE000122 /* LockGateView.swift in Sources */ = {isa = PBXBuildFile; fileRef = NE000022 /* LockGateView.swift */; };
		NE000123 /* MoneyText.swift in Sources */ = {isa = PBXBuildFile; fileRef = NE000023 /* MoneyText.swift */; };
		NE000124 /* DeltaBadge.swift in Sources */ = {isa = PBXBuildFile; fileRef = NE000024 /* DeltaBadge.swift */; };
		NE000125 /* MonthPickerView.swift in Sources */ = {isa = PBXBuildFile; fileRef = NE000025 /* MonthPickerView.swift */; };
		NE000126 /* EmptyStateView.swift in Sources */ = {isa = PBXBuildFile; fileRef = NE000026 /* EmptyStateView.swift */; };
		NE000127 /* DashboardView.swift in Sources */ = {isa = PBXBuildFile; fileRef = NE000027 /* DashboardView.swift */; };
		NE000128 /* NetWorthSparkline.swift in Sources */ = {isa = PBXBuildFile; fileRef = NE000028 /* NetWorthSparkline.swift */; };
		NE000129 /* CategoryDonutView.swift in Sources */ = {isa = PBXBuildFile; fileRef = NE000029 /* CategoryDonutView.swift */; };
		NE000130 /* StaleAssetRow.swift in Sources */ = {isa = PBXBuildFile; fileRef = NE000030 /* StaleAssetRow.swift */; };
		NE000131 /* AssetsListView.swift in Sources */ = {isa = PBXBuildFile; fileRef = NE000031 /* AssetsListView.swift */; };
		NE000132 /* AssetRow.swift in Sources */ = {isa = PBXBuildFile; fileRef = NE000032 /* AssetRow.swift */; };
		NE000133 /* AssetDetailView.swift in Sources */ = {isa = PBXBuildFile; fileRef = NE000033 /* AssetDetailView.swift */; };
		NE000134 /* AssetMetricsHeader.swift in Sources */ = {isa = PBXBuildFile; fileRef = NE000034 /* AssetMetricsHeader.swift */; };
		NE000135 /* AssetValuationRow.swift in Sources */ = {isa = PBXBuildFile; fileRef = NE000035 /* AssetValuationRow.swift */; };
		NE000136 /* AssetFormView.swift in Sources */ = {isa = PBXBuildFile; fileRef = NE000036 /* AssetFormView.swift */; };
		NE000137 /* ValuationFormView.swift in Sources */ = {isa = PBXBuildFile; fileRef = NE000037 /* ValuationFormView.swift */; };
		NE000138 /* SettingsView.swift in Sources */ = {isa = PBXBuildFile; fileRef = NE000038 /* SettingsView.swift */; };
		NE000139 /* ManageCategoriesView.swift in Sources */ = {isa = PBXBuildFile; fileRef = NE000039 /* ManageCategoriesView.swift */; };
		NE000140 /* ResetDataView.swift in Sources */ = {isa = PBXBuildFile; fileRef = NE000040 /* ResetDataView.swift */; };
		NE000150 /* Assets.xcassets in Resources */ = {isa = PBXBuildFile; fileRef = NE000050 /* Assets.xcassets */; };
/* End PBXBuildFile section */

/* Begin PBXFileReference section */
		NE000001 /* NestEggApp.swift */ = {isa = PBXFileReference; lastKnownFileType = sourcecode.swift; path = NestEggApp.swift; sourceTree = "<group>"; };
		NE000002 /* Owner.swift */ = {isa = PBXFileReference; lastKnownFileType = sourcecode.swift; path = Owner.swift; sourceTree = "<group>"; };
		NE000003 /* MonthKey.swift */ = {isa = PBXFileReference; lastKnownFileType = sourcecode.swift; path = MonthKey.swift; sourceTree = "<group>"; };
		NE000004 /* Category.swift */ = {isa = PBXFileReference; lastKnownFileType = sourcecode.swift; path = Category.swift; sourceTree = "<group>"; };
		NE000005 /* Asset.swift */ = {isa = PBXFileReference; lastKnownFileType = sourcecode.swift; path = Asset.swift; sourceTree = "<group>"; };
		NE000006 /* Valuation.swift */ = {isa = PBXFileReference; lastKnownFileType = sourcecode.swift; path = Valuation.swift; sourceTree = "<group>"; };
		NE000007 /* SeedData.swift */ = {isa = PBXFileReference; lastKnownFileType = sourcecode.swift; path = SeedData.swift; sourceTree = "<group>"; };
		NE000008 /* Date+Month.swift */ = {isa = PBXFileReference; lastKnownFileType = sourcecode.swift; path = "Date+Month.swift"; sourceTree = "<group>"; };
		NE000009 /* Decimal+Math.swift */ = {isa = PBXFileReference; lastKnownFileType = sourcecode.swift; path = "Decimal+Math.swift"; sourceTree = "<group>"; };
		NE000010 /* Color+Category.swift */ = {isa = PBXFileReference; lastKnownFileType = sourcecode.swift; path = "Color+Category.swift"; sourceTree = "<group>"; };
		NE000011 /* Money.swift */ = {isa = PBXFileReference; lastKnownFileType = sourcecode.swift; path = Money.swift; sourceTree = "<group>"; };
		NE000012 /* ReturnsCalculator.swift */ = {isa = PBXFileReference; lastKnownFileType = sourcecode.swift; path = ReturnsCalculator.swift; sourceTree = "<group>"; };
		NE000013 /* MonthSeries.swift */ = {isa = PBXFileReference; lastKnownFileType = sourcecode.swift; path = MonthSeries.swift; sourceTree = "<group>"; };
		NE000014 /* NetWorthAggregator.swift */ = {isa = PBXFileReference; lastKnownFileType = sourcecode.swift; path = NetWorthAggregator.swift; sourceTree = "<group>"; };
		NE000015 /* PersistenceController.swift */ = {isa = PBXFileReference; lastKnownFileType = sourcecode.swift; path = PersistenceController.swift; sourceTree = "<group>"; };
		NE000016 /* SeedService.swift */ = {isa = PBXFileReference; lastKnownFileType = sourcecode.swift; path = SeedService.swift; sourceTree = "<group>"; };
		NE000017 /* BiometricGate.swift */ = {isa = PBXFileReference; lastKnownFileType = sourcecode.swift; path = BiometricGate.swift; sourceTree = "<group>"; };
		NE000018 /* ExportService.swift */ = {isa = PBXFileReference; lastKnownFileType = sourcecode.swift; path = ExportService.swift; sourceTree = "<group>"; };
		NE000019 /* DashboardViewModel.swift */ = {isa = PBXFileReference; lastKnownFileType = sourcecode.swift; path = DashboardViewModel.swift; sourceTree = "<group>"; };
		NE000020 /* AssetDetailViewModel.swift */ = {isa = PBXFileReference; lastKnownFileType = sourcecode.swift; path = AssetDetailViewModel.swift; sourceTree = "<group>"; };
		NE000021 /* RootView.swift */ = {isa = PBXFileReference; lastKnownFileType = sourcecode.swift; path = RootView.swift; sourceTree = "<group>"; };
		NE000022 /* LockGateView.swift */ = {isa = PBXFileReference; lastKnownFileType = sourcecode.swift; path = LockGateView.swift; sourceTree = "<group>"; };
		NE000023 /* MoneyText.swift */ = {isa = PBXFileReference; lastKnownFileType = sourcecode.swift; path = MoneyText.swift; sourceTree = "<group>"; };
		NE000024 /* DeltaBadge.swift */ = {isa = PBXFileReference; lastKnownFileType = sourcecode.swift; path = DeltaBadge.swift; sourceTree = "<group>"; };
		NE000025 /* MonthPickerView.swift */ = {isa = PBXFileReference; lastKnownFileType = sourcecode.swift; path = MonthPickerView.swift; sourceTree = "<group>"; };
		NE000026 /* EmptyStateView.swift */ = {isa = PBXFileReference; lastKnownFileType = sourcecode.swift; path = EmptyStateView.swift; sourceTree = "<group>"; };
		NE000027 /* DashboardView.swift */ = {isa = PBXFileReference; lastKnownFileType = sourcecode.swift; path = DashboardView.swift; sourceTree = "<group>"; };
		NE000028 /* NetWorthSparkline.swift */ = {isa = PBXFileReference; lastKnownFileType = sourcecode.swift; path = NetWorthSparkline.swift; sourceTree = "<group>"; };
		NE000029 /* CategoryDonutView.swift */ = {isa = PBXFileReference; lastKnownFileType = sourcecode.swift; path = CategoryDonutView.swift; sourceTree = "<group>"; };
		NE000030 /* StaleAssetRow.swift */ = {isa = PBXFileReference; lastKnownFileType = sourcecode.swift; path = StaleAssetRow.swift; sourceTree = "<group>"; };
		NE000031 /* AssetsListView.swift */ = {isa = PBXFileReference; lastKnownFileType = sourcecode.swift; path = AssetsListView.swift; sourceTree = "<group>"; };
		NE000032 /* AssetRow.swift */ = {isa = PBXFileReference; lastKnownFileType = sourcecode.swift; path = AssetRow.swift; sourceTree = "<group>"; };
		NE000033 /* AssetDetailView.swift */ = {isa = PBXFileReference; lastKnownFileType = sourcecode.swift; path = AssetDetailView.swift; sourceTree = "<group>"; };
		NE000034 /* AssetMetricsHeader.swift */ = {isa = PBXFileReference; lastKnownFileType = sourcecode.swift; path = AssetMetricsHeader.swift; sourceTree = "<group>"; };
		NE000035 /* AssetValuationRow.swift */ = {isa = PBXFileReference; lastKnownFileType = sourcecode.swift; path = AssetValuationRow.swift; sourceTree = "<group>"; };
		NE000036 /* AssetFormView.swift */ = {isa = PBXFileReference; lastKnownFileType = sourcecode.swift; path = AssetFormView.swift; sourceTree = "<group>"; };
		NE000037 /* ValuationFormView.swift */ = {isa = PBXFileReference; lastKnownFileType = sourcecode.swift; path = ValuationFormView.swift; sourceTree = "<group>"; };
		NE000038 /* SettingsView.swift */ = {isa = PBXFileReference; lastKnownFileType = sourcecode.swift; path = SettingsView.swift; sourceTree = "<group>"; };
		NE000039 /* ManageCategoriesView.swift */ = {isa = PBXFileReference; lastKnownFileType = sourcecode.swift; path = ManageCategoriesView.swift; sourceTree = "<group>"; };
		NE000040 /* ResetDataView.swift */ = {isa = PBXFileReference; lastKnownFileType = sourcecode.swift; path = ResetDataView.swift; sourceTree = "<group>"; };
		NE000050 /* Assets.xcassets */ = {isa = PBXFileReference; lastKnownFileType = folder.assetcatalog; path = Assets.xcassets; sourceTree = "<group>"; };
		NE000051 /* Info.plist */ = {isa = PBXFileReference; lastKnownFileType = text.plist.xml; path = Info.plist; sourceTree = "<group>"; };
		NE000099 /* NestEgg.app */ = {isa = PBXFileReference; explicitFileType = wrapper.application; includeInIndex = 0; path = NestEgg.app; sourceTree = BUILT_PRODUCTS_DIR; };
/* End PBXFileReference section */

/* Begin PBXGroup section */
		NE00F000 /* Products */ = {
			isa = PBXGroup;
			children = (
				NE000099 /* NestEgg.app */,
			);
			name = Products;
			sourceTree = "<group>";
		};
		NE00G000 /* NestEgg */ = {
			isa = PBXGroup;
			children = (
				NE000001 /* NestEggApp.swift */,
				NE000051 /* Info.plist */,
				NE000050 /* Assets.xcassets */,
				NE00G010 /* Models */,
				NE00G020 /* Extensions */,
				NE00G030 /* Domain */,
				NE00G040 /* Services */,
				NE00G050 /* ViewModels */,
				NE00G060 /* Views */,
			);
			path = NestEgg;
			sourceTree = "<group>";
		};
		NE00G010 /* Models */ = {
			isa = PBXGroup;
			children = (
				NE000002 /* Owner.swift */,
				NE000003 /* MonthKey.swift */,
				NE000004 /* Category.swift */,
				NE000005 /* Asset.swift */,
				NE000006 /* Valuation.swift */,
				NE000007 /* SeedData.swift */,
			);
			path = Models;
			sourceTree = "<group>";
		};
		NE00G020 /* Extensions */ = {
			isa = PBXGroup;
			children = (
				NE000008 /* Date+Month.swift */,
				NE000009 /* Decimal+Math.swift */,
				NE000010 /* Color+Category.swift */,
			);
			path = Extensions;
			sourceTree = "<group>";
		};
		NE00G030 /* Domain */ = {
			isa = PBXGroup;
			children = (
				NE000011 /* Money.swift */,
				NE000012 /* ReturnsCalculator.swift */,
				NE000013 /* MonthSeries.swift */,
				NE000014 /* NetWorthAggregator.swift */,
			);
			path = Domain;
			sourceTree = "<group>";
		};
		NE00G040 /* Services */ = {
			isa = PBXGroup;
			children = (
				NE000015 /* PersistenceController.swift */,
				NE000016 /* SeedService.swift */,
				NE000017 /* BiometricGate.swift */,
				NE000018 /* ExportService.swift */,
			);
			path = Services;
			sourceTree = "<group>";
		};
		NE00G050 /* ViewModels */ = {
			isa = PBXGroup;
			children = (
				NE000019 /* DashboardViewModel.swift */,
				NE000020 /* AssetDetailViewModel.swift */,
			);
			path = ViewModels;
			sourceTree = "<group>";
		};
		NE00G060 /* Views */ = {
			isa = PBXGroup;
			children = (
				NE000021 /* RootView.swift */,
				NE000022 /* LockGateView.swift */,
				NE00G061 /* Shared */,
				NE00G062 /* Dashboard */,
				NE00G063 /* Assets */,
				NE00G064 /* AssetDetail */,
				NE00G065 /* Forms */,
				NE00G066 /* Settings */,
			);
			path = Views;
			sourceTree = "<group>";
		};
		NE00G061 /* Shared */ = {
			isa = PBXGroup;
			children = (
				NE000023 /* MoneyText.swift */,
				NE000024 /* DeltaBadge.swift */,
				NE000025 /* MonthPickerView.swift */,
				NE000026 /* EmptyStateView.swift */,
			);
			path = Shared;
			sourceTree = "<group>";
		};
		NE00G062 /* Dashboard */ = {
			isa = PBXGroup;
			children = (
				NE000027 /* DashboardView.swift */,
				NE000028 /* NetWorthSparkline.swift */,
				NE000029 /* CategoryDonutView.swift */,
				NE000030 /* StaleAssetRow.swift */,
			);
			path = Dashboard;
			sourceTree = "<group>";
		};
		NE00G063 /* Assets */ = {
			isa = PBXGroup;
			children = (
				NE000031 /* AssetsListView.swift */,
				NE000032 /* AssetRow.swift */,
			);
			path = Assets;
			sourceTree = "<group>";
		};
		NE00G064 /* AssetDetail */ = {
			isa = PBXGroup;
			children = (
				NE000033 /* AssetDetailView.swift */,
				NE000034 /* AssetMetricsHeader.swift */,
				NE000035 /* AssetValuationRow.swift */,
			);
			path = AssetDetail;
			sourceTree = "<group>";
		};
		NE00G065 /* Forms */ = {
			isa = PBXGroup;
			children = (
				NE000036 /* AssetFormView.swift */,
				NE000037 /* ValuationFormView.swift */,
			);
			path = Forms;
			sourceTree = "<group>";
		};
		NE00G066 /* Settings */ = {
			isa = PBXGroup;
			children = (
				NE000038 /* SettingsView.swift */,
				NE000039 /* ManageCategoriesView.swift */,
				NE000040 /* ResetDataView.swift */,
			);
			path = Settings;
			sourceTree = "<group>";
		};
		NE00ROOT /* root */ = {
			isa = PBXGroup;
			children = (
				NE00G000 /* NestEgg */,
				NE00F000 /* Products */,
			);
			sourceTree = "<group>";
		};
/* End PBXGroup section */

/* Begin PBXNativeTarget section */
		NE00T000 /* NestEgg */ = {
			isa = PBXNativeTarget;
			buildConfigurationList = NE00C010 /* Build configuration list for PBXNativeTarget "NestEgg" */;
			buildPhases = (
				NE00P000 /* Sources */,
				NE00P001 /* Resources */,
				NE00P002 /* Frameworks */,
			);
			buildRules = (
			);
			dependencies = (
			);
			name = NestEgg;
			productName = NestEgg;
			productReference = NE000099 /* NestEgg.app */;
			productType = "com.apple.product-type.application";
		};
/* End PBXNativeTarget section */

/* Begin PBXProject section */
		NE00PROJ /* Project object */ = {
			isa = PBXProject;
			attributes = {
				BuildIndependentTargetsInParallel = 1;
				LastSwiftUpdateCheck = 1500;
				LastUpgradeCheck = 1500;
				TargetAttributes = {
					NE00T000 = {
						CreatedOnToolsVersion = 15.0;
					};
				};
			};
			buildConfigurationList = NE00C000 /* Build configuration list for PBXProject "NestEgg" */;
			compatibilityVersion = "Xcode 14.0";
			developmentRegion = en;
			hasScannedForEncodings = 0;
			knownRegions = (
				en,
				Base,
			);
			mainGroup = NE00ROOT;
			productRefGroup = NE00F000 /* Products */;
			projectDirPath = "";
			projectRoot = "";
			targets = (
				NE00T000 /* NestEgg */,
			);
		};
/* End PBXProject section */

/* Begin PBXResourcesBuildPhase section */
		NE00P001 /* Resources */ = {
			isa = PBXResourcesBuildPhase;
			buildActionMask = 2147483647;
			files = (
				NE000150 /* Assets.xcassets in Resources */,
			);
			runOnlyForDeploymentPostprocessing = 0;
		};
/* End PBXResourcesBuildPhase section */

/* Begin PBXSourcesBuildPhase section */
		NE00P000 /* Sources */ = {
			isa = PBXSourcesBuildPhase;
			buildActionMask = 2147483647;
			files = (
				NE000101 /* NestEggApp.swift in Sources */,
				NE000102 /* Owner.swift in Sources */,
				NE000103 /* MonthKey.swift in Sources */,
				NE000104 /* Category.swift in Sources */,
				NE000105 /* Asset.swift in Sources */,
				NE000106 /* Valuation.swift in Sources */,
				NE000107 /* SeedData.swift in Sources */,
				NE000108 /* Date+Month.swift in Sources */,
				NE000109 /* Decimal+Math.swift in Sources */,
				NE000110 /* Color+Category.swift in Sources */,
				NE000111 /* Money.swift in Sources */,
				NE000112 /* ReturnsCalculator.swift in Sources */,
				NE000113 /* MonthSeries.swift in Sources */,
				NE000114 /* NetWorthAggregator.swift in Sources */,
				NE000115 /* PersistenceController.swift in Sources */,
				NE000116 /* SeedService.swift in Sources */,
				NE000117 /* BiometricGate.swift in Sources */,
				NE000118 /* ExportService.swift in Sources */,
				NE000119 /* DashboardViewModel.swift in Sources */,
				NE000120 /* AssetDetailViewModel.swift in Sources */,
				NE000121 /* RootView.swift in Sources */,
				NE000122 /* LockGateView.swift in Sources */,
				NE000123 /* MoneyText.swift in Sources */,
				NE000124 /* DeltaBadge.swift in Sources */,
				NE000125 /* MonthPickerView.swift in Sources */,
				NE000126 /* EmptyStateView.swift in Sources */,
				NE000127 /* DashboardView.swift in Sources */,
				NE000128 /* NetWorthSparkline.swift in Sources */,
				NE000129 /* CategoryDonutView.swift in Sources */,
				NE000130 /* StaleAssetRow.swift in Sources */,
				NE000131 /* AssetsListView.swift in Sources */,
				NE000132 /* AssetRow.swift in Sources */,
				NE000133 /* AssetDetailView.swift in Sources */,
				NE000134 /* AssetMetricsHeader.swift in Sources */,
				NE000135 /* AssetValuationRow.swift in Sources */,
				NE000136 /* AssetFormView.swift in Sources */,
				NE000137 /* ValuationFormView.swift in Sources */,
				NE000138 /* SettingsView.swift in Sources */,
				NE000139 /* ManageCategoriesView.swift in Sources */,
				NE000140 /* ResetDataView.swift in Sources */,
			);
			runOnlyForDeploymentPostprocessing = 0;
		};
/* End PBXSourcesBuildPhase section */

/* Begin PBXFrameworksBuildPhase section */
		NE00P002 /* Frameworks */ = {
			isa = PBXFrameworksBuildPhase;
			buildActionMask = 2147483647;
			files = (
			);
			runOnlyForDeploymentPostprocessing = 0;
		};
/* End PBXFrameworksBuildPhase section */

/* Begin XCBuildConfiguration section */
		NE00B000 /* Debug */ = {
			isa = XCBuildConfiguration;
			buildSettings = {
				ALWAYS_SEARCH_USER_PATHS = NO;
				ASSETCATALOG_COMPILER_GENERATE_SWIFT_ASSET_SYMBOL_EXTENSIONS = YES;
				CLANG_ANALYZER_NONNULL = YES;
				CLANG_ANALYZER_NUMBER_OBJECT_CONVERSION = YES_AGGRESSIVE;
				CLANG_CXX_LANGUAGE_STANDARD = "gnu++20";
				CLANG_ENABLE_MODULES = YES;
				CLANG_ENABLE_OBJC_ARC = YES;
				CLANG_ENABLE_OBJC_WEAK = YES;
				CLANG_WARN_BLOCK_CAPTURE_AUTORELEASING = YES;
				CLANG_WARN_BOOL_CONVERSION = YES;
				CLANG_WARN_COMMA = YES;
				CLANG_WARN_CONSTANT_CONVERSION = YES;
				CLANG_WARN_DEPRECATED_OBJC_IMPLEMENTATIONS = YES;
				CLANG_WARN_DIRECT_OBJC_ISA_USAGE = YES_ERROR;
				CLANG_WARN_DOCUMENTATION_COMMENTS = YES;
				CLANG_WARN_EMPTY_BODY = YES;
				CLANG_WARN_ENUM_CONVERSION = YES;
				CLANG_WARN_INFINITE_RECURSION = YES;
				CLANG_WARN_INT_CONVERSION = YES;
				CLANG_WARN_NON_LITERAL_NULL_CONVERSION = YES;
				CLANG_WARN_OBJC_IMPLICIT_RETAIN_SELF = YES;
				CLANG_WARN_OBJC_LITERAL_CONVERSION = YES;
				CLANG_WARN_OBJC_ROOT_CLASS = YES_ERROR;
				CLANG_WARN_QUOTED_INCLUDE_IN_FRAMEWORK_HEADER = YES;
				CLANG_WARN_RANGE_LOOP_ANALYSIS = YES;
				CLANG_WARN_STRICT_PROTOTYPES = YES;
				CLANG_WARN_SUSPICIOUS_MOVE = YES;
				CLANG_WARN_UNGUARDED_AVAILABILITY = YES_AGGRESSIVE;
				CLANG_WARN_UNREACHABLE_CODE = YES;
				CLANG_WARN__DUPLICATE_METHOD_MATCH = YES;
				COPY_PHASE_STRIP = NO;
				DEBUG_INFORMATION_FORMAT = dwarf;
				ENABLE_STRICT_OBJC_MSGSEND = YES;
				ENABLE_TESTABILITY = YES;
				ENABLE_USER_SCRIPT_SANDBOXING = YES;
				GCC_C_LANGUAGE_STANDARD = gnu17;
				GCC_DYNAMIC_NO_PIC = NO;
				GCC_NO_COMMON_BLOCKS = YES;
				GCC_OPTIMIZATION_LEVEL = 0;
				GCC_PREPROCESSOR_DEFINITIONS = (
					"DEBUG=1",
					"$(inherited)",
				);
				GCC_WARN_64_TO_32_BIT_CONVERSION = YES;
				GCC_WARN_ABOUT_RETURN_TYPE = YES_ERROR;
				GCC_WARN_UNDECLARED_SELECTOR = YES;
				GCC_WARN_UNINITIALIZED_AUTOS = YES_AGGRESSIVE;
				GCC_WARN_UNUSED_FUNCTION = YES;
				GCC_WARN_UNUSED_VARIABLE = YES;
				IPHONEOS_DEPLOYMENT_TARGET = 17.0;
				MTL_ENABLE_DEBUG_INFO = INCLUDE_SOURCE;
				MTL_FAST_MATH = YES;
				ONLY_ACTIVE_ARCH = YES;
				SDKROOT = iphoneos;
				SWIFT_ACTIVE_COMPILATION_CONDITIONS = "DEBUG $(inherited)";
				SWIFT_OPTIMIZATION_LEVEL = "-Onone";
			};
			name = Debug;
		};
		NE00B001 /* Release */ = {
			isa = XCBuildConfiguration;
			buildSettings = {
				ALWAYS_SEARCH_USER_PATHS = NO;
				ASSETCATALOG_COMPILER_GENERATE_SWIFT_ASSET_SYMBOL_EXTENSIONS = YES;
				CLANG_ANALYZER_NONNULL = YES;
				CLANG_ANALYZER_NUMBER_OBJECT_CONVERSION = YES_AGGRESSIVE;
				CLANG_CXX_LANGUAGE_STANDARD = "gnu++20";
				CLANG_ENABLE_MODULES = YES;
				CLANG_ENABLE_OBJC_ARC = YES;
				CLANG_ENABLE_OBJC_WEAK = YES;
				CLANG_WARN_BLOCK_CAPTURE_AUTORELEASING = YES;
				CLANG_WARN_BOOL_CONVERSION = YES;
				CLANG_WARN_COMMA = YES;
				CLANG_WARN_CONSTANT_CONVERSION = YES;
				CLANG_WARN_DEPRECATED_OBJC_IMPLEMENTATIONS = YES;
				CLANG_WARN_DIRECT_OBJC_ISA_USAGE = YES_ERROR;
				CLANG_WARN_DOCUMENTATION_COMMENTS = YES;
				CLANG_WARN_EMPTY_BODY = YES;
				CLANG_WARN_ENUM_CONVERSION = YES;
				CLANG_WARN_INFINITE_RECURSION = YES;
				CLANG_WARN_INT_CONVERSION = YES;
				CLANG_WARN_NON_LITERAL_NULL_CONVERSION = YES;
				CLANG_WARN_OBJC_IMPLICIT_RETAIN_SELF = YES;
				CLANG_WARN_OBJC_LITERAL_CONVERSION = YES;
				CLANG_WARN_OBJC_ROOT_CLASS = YES_ERROR;
				CLANG_WARN_QUOTED_INCLUDE_IN_FRAMEWORK_HEADER = YES;
				CLANG_WARN_RANGE_LOOP_ANALYSIS = YES;
				CLANG_WARN_STRICT_PROTOTYPES = YES;
				CLANG_WARN_SUSPICIOUS_MOVE = YES;
				CLANG_WARN_UNGUARDED_AVAILABILITY = YES_AGGRESSIVE;
				CLANG_WARN_UNREACHABLE_CODE = YES;
				CLANG_WARN__DUPLICATE_METHOD_MATCH = YES;
				COPY_PHASE_STRIP = NO;
				DEBUG_INFORMATION_FORMAT = "dwarf-with-dsym";
				ENABLE_NS_ASSERTIONS = NO;
				ENABLE_STRICT_OBJC_MSGSEND = YES;
				ENABLE_USER_SCRIPT_SANDBOXING = YES;
				GCC_C_LANGUAGE_STANDARD = gnu17;
				GCC_NO_COMMON_BLOCKS = YES;
				GCC_WARN_64_TO_32_BIT_CONVERSION = YES;
				GCC_WARN_ABOUT_RETURN_TYPE = YES_ERROR;
				GCC_WARN_UNDECLARED_SELECTOR = YES;
				GCC_WARN_UNINITIALIZED_AUTOS = YES_AGGRESSIVE;
				GCC_WARN_UNUSED_FUNCTION = YES;
				GCC_WARN_UNUSED_VARIABLE = YES;
				IPHONEOS_DEPLOYMENT_TARGET = 17.0;
				MTL_FAST_MATH = YES;
				SDKROOT = iphoneos;
				SWIFT_COMPILATION_MODE = wholemodule;
				VALIDATE_PRODUCT = YES;
			};
			name = Release;
		};
		NE00B010 /* Debug */ = {
			isa = XCBuildConfiguration;
			buildSettings = {
				ASSETCATALOG_COMPILER_APPICON_NAME = AppIcon;
				ASSETCATALOG_COMPILER_GLOBAL_ACCENT_COLOR_NAME = AccentColor;
				CODE_SIGN_STYLE = Automatic;
				CURRENT_PROJECT_VERSION = 1;
				GENERATE_INFOPLIST_FILE = NO;
				INFOPLIST_FILE = NestEgg/Info.plist;
				IPHONEOS_DEPLOYMENT_TARGET = 17.0;
				LD_RUNPATH_SEARCH_PATHS = (
					"$(inherited)",
					"@executable_path/Frameworks",
				);
				MARKETING_VERSION = 1.0;
				PRODUCT_BUNDLE_IDENTIFIER = com.nestegg.NestEgg;
				PRODUCT_NAME = "$(TARGET_NAME)";
				SWIFT_EMIT_LOC_STRINGS = YES;
				SWIFT_VERSION = 5.0;
				TARGETED_DEVICE_FAMILY = "1,2";
			};
			name = Debug;
		};
		NE00B011 /* Release */ = {
			isa = XCBuildConfiguration;
			buildSettings = {
				ASSETCATALOG_COMPILER_APPICON_NAME = AppIcon;
				ASSETCATALOG_COMPILER_GLOBAL_ACCENT_COLOR_NAME = AccentColor;
				CODE_SIGN_STYLE = Automatic;
				CURRENT_PROJECT_VERSION = 1;
				GENERATE_INFOPLIST_FILE = NO;
				INFOPLIST_FILE = NestEgg/Info.plist;
				IPHONEOS_DEPLOYMENT_TARGET = 17.0;
				LD_RUNPATH_SEARCH_PATHS = (
					"$(inherited)",
					"@executable_path/Frameworks",
				);
				MARKETING_VERSION = 1.0;
				PRODUCT_BUNDLE_IDENTIFIER = com.nestegg.NestEgg;
				PRODUCT_NAME = "$(TARGET_NAME)";
				SWIFT_EMIT_LOC_STRINGS = YES;
				SWIFT_VERSION = 5.0;
				TARGETED_DEVICE_FAMILY = "1,2";
			};
			name = Release;
		};
/* End XCBuildConfiguration section */

/* Begin XCConfigurationList section */
		NE00C000 /* Build configuration list for PBXProject "NestEgg" */ = {
			isa = XCConfigurationList;
			buildConfigurations = (
				NE00B000 /* Debug */,
				NE00B001 /* Release */,
			);
			defaultConfigurationIsVisible = 0;
			defaultConfigurationName = Release;
		};
		NE00C010 /* Build configuration list for PBXNativeTarget "NestEgg" */ = {
			isa = XCConfigurationList;
			buildConfigurations = (
				NE00B010 /* Debug */,
				NE00B011 /* Release */,
			);
			defaultConfigurationIsVisible = 0;
			defaultConfigurationName = Release;
		};
/* End XCConfigurationList section */

	};
	rootObject = NE00PROJ /* Project object */;
}
